
Microsoft Visual Studio Solution File, Format Version 12.00
# Visual Studio Version 17
VisualStudioVersion = 17.11.35219.272
MinimumVisualStudioVersion = 10.0.40219.1
Project("{2150E333-8FDC-42A3-9474-1A3956D46DE8}") = "src", "src", "{B5E10724-FD13-4CD6-BCC9-12CE5F0C5843}"
EndProject
Project("{9A19103F-16F7-4668-BE54-9A1E7A4F7556}") = "Microservicio.CuentaMovimiento.API", "src\Microservicio.CuentaMovimiento.API\Microservicio.CuentaMovimiento.API.csproj", "{29101FA2-6858-435A-BE5A-CCCAE18B8443}"
EndProject
Project("{9A19103F-16F7-4668-BE54-9A1E7A4F7556}") = "Microservicio.CuentaMovimiento.Aplicacion", "src\Microservicio.CuentaMovimiento.Aplicacion\Microservicio.CuentaMovimiento.Aplicacion.csproj", "{B013A81A-EDB5-4D98-A4B6-443C35099039}"
EndProject
Project("{9A19103F-16F7-4668-BE54-9A1E7A4F7556}") = "Microservicio.CuentaMovimiento.Dominio", "src\Microservicio.CuentaMovimiento.Dominio\Microservicio.CuentaMovimiento.Dominio.csproj", "{6157F741-3912-4556-90A3-B67C4094C696}"
EndProject
Project("{9A19103F-16F7-4668-BE54-9A1E7A4F7556}") = "Microservicio.CuentaMovimiento.Infraestructura", "src\Microservicio.CuentaMovimiento.Infraestructura\Microservicio.CuentaMovimiento.Infraestructura.csproj", "{7A8259CA-E2AC-4B43-9F62-2AFE1AEB59AB}"
EndProject
Global
	GlobalSection(SolutionConfigurationPlatforms) = preSolution
		Debug|Any CPU = Debug|Any CPU
		Release|Any CPU = Release|Any CPU
	EndGlobalSection
	GlobalSection(ProjectConfigurationPlatforms) = postSolution
		{29101FA2-6858-435A-BE5A-CCCAE18B8443}.Debug|Any CPU.ActiveCfg = Debug|Any CPU
		{29101FA2-6858-435A-BE5A-CCCAE18B8443}.Debug|Any CPU.Build.0 = Debug|Any CPU
		{29101FA2-6858-435A-BE5A-CCCAE18B8443}.Release|Any CPU.ActiveCfg = Release|Any CPU
		{29101FA2-6858-435A-BE5A-CCCAE18B8443}.Release|Any CPU.Build.0 = Release|Any CPU
		{B013A81A-EDB5-4D98-A4B6-443C35099039}.Debug|Any CPU.ActiveCfg = Debug|Any CPU
		{B013A81A-EDB5-4D98-A4B6-443C35099039}.Debug|Any CPU.Build.0 = Debug|Any CPU
		{B013A81A-EDB5-4D98-A4B6-443C35099039}.Release|Any CPU.ActiveCfg = Release|Any CPU
		{B013A81A-EDB5-4D98-A4B6-443C35099039}.Release|Any CPU.Build.0 = Release|Any CPU
		{6157F741-3912-4556-90A3-B67C4094C696}.Debug|Any CPU.ActiveCfg = Debug|Any CPU
		{6157F741-3912-4556-90A3-B67C4094C696}.Debug|Any CPU.Build.0 = Debug|Any CPU
		{6157F741-3912-4556-90A3-B67C4094C696}.Release|Any CPU.ActiveCfg = Release|Any CPU
		{6157F741-3912-4556-90A3-B67C4094C696}.Release|Any CPU.Build.0 = Release|Any CPU
		{7A8259CA-E2AC-4B43-9F62-2AFE1AEB59AB}.Debug|Any CPU.ActiveCfg = Debug|Any CPU
		{7A8259CA-E2AC-4B43-9F62-2AFE1AEB59AB}.Debug|Any CPU.Build.0 = Debug|Any CPU
		{7A8259CA-E2AC-4B43-9F62-2AFE1AEB59AB}.Release|Any CPU.ActiveCfg = Release|Any CPU
		{7A8259CA-E2AC-4B43-9F62-2AFE1AEB59AB}.Release|Any CPU.Build.0 = Release|Any CPU
	EndGlobalSection
	GlobalSection(SolutionProperties) = preSolution
		HideSolutionNode = FALSE
	EndGlobalSection
	GlobalSection(NestedProjects) = preSolution
		{29101FA2-6858-435A-BE5A-CCCAE18B8443} = {B5E10724-FD13-4CD6-BCC9-12CE5F0C5843}
		{B013A81A-EDB5-4D98-A4B6-443C35099039} = {B5E10724-FD13-4CD6-BCC9-12CE5F0C5843}
		{6157F741-3912-4556-90A3-B67C4094C696} = {B5E10724-FD13-4CD6-BCC9-12CE5F0C5843}
		{7A8259CA-E2AC-4B43-9F62-2AFE1AEB59AB} = {B5E10724-FD13-4CD6-BCC9-12CE5F0C5843}
	EndGlobalSection
	GlobalSection(ExtensibilityGlobals) = postSolution
		SolutionGuid = {A8582864-6B18-40DB-90DA-1418DA19E7CC}
	EndGlobalSection
EndGlobal
